
Microsoft Visual Studio Solution File, Format Version 12.00
# Visual Studio Version 17
VisualStudioVersion = 17.12.35521.163 d17.12
MinimumVisualStudioVersion = 10.0.40219.1
Project("{2150E333-8FDC-42A3-9474-1A3956D46DE8}") = "src", "src", "{86487AF4-710A-48E6-90C0-FC9F76CB5B2F}"
EndProject
Project("{FAE04EC0-301F-11D3-BF4B-00C04F79EFBC}") = "MovieSystem.Api", "src\MovieSystem.Api\MovieSystem.Api.csproj", "{C29D42E4-902D-481B-84E2-127FAC0C2440}"
EndProject
Global
	GlobalSection(SolutionConfigurationPlatforms) = preSolution
		Debug|Any CPU = Debug|Any CPU
		Release|Any CPU = Release|Any CPU
	EndGlobalSection
	GlobalSection(ProjectConfigurationPlatforms) = postSolution
		{C29D42E4-902D-481B-84E2-127FAC0C2440}.Debug|Any CPU.ActiveCfg = Debug|Any CPU
		{C29D42E4-902D-481B-84E2-127FAC0C2440}.Debug|Any CPU.Build.0 = Debug|Any CPU
		{C29D42E4-902D-481B-84E2-127FAC0C2440}.Release|Any CPU.ActiveCfg = Release|Any CPU
		{C29D42E4-902D-481B-84E2-127FAC0C2440}.Release|Any CPU.Build.0 = Release|Any CPU
	EndGlobalSection
	GlobalSection(SolutionProperties) = preSolution
		HideSolutionNode = FALSE
	EndGlobalSection
	GlobalSection(NestedProjects) = preSolution
		{C29D42E4-902D-481B-84E2-127FAC0C2440} = {86487AF4-710A-48E6-90C0-FC9F76CB5B2F}
	EndGlobalSection
EndGlobal
